# THIS IS AN AUTOGENERATED FILE. DO NOT EDIT THIS FILE DIRECTLY.
# yarn lockfile v1


"@lukeed/csprng@^1.0.0":
  version "1.1.0"
  resolved "https://registry.yarnpkg.com/@lukeed/csprng/-/csprng-1.1.0.tgz#1e3e4bd05c1cc7a0b2ddbd8a03f39f6e4b5e6cfe"
  integrity sha512-Z7C/xXCiGWsg0KuKsHTKJxbWhpI3Vs5GwLfOean7MGyVFGqdRgBbAjOCh6u4bbjPc/8MJ2pZmK/0DLdCbivLDA==

"@nestjs/common@^10.3.0":
  version "10.3.0"
  resolved "https://registry.yarnpkg.com/@nestjs/common/-/common-10.3.0.tgz#d78f0ff2062d1d53c79c170a79c12a1548e2e598"
  integrity sha512-DGv34UHsZBxCM3H5QGE2XE/+oLJzz5+714JQjBhjD9VccFlQs3LRxo/epso4l7nJIiNlZkPyIUC8WzfU/5RTsQ==
  dependencies:
    uid "2.0.2"
    iterare "1.2.1"
    tslib "2.6.2"

"@nestjs/microservices@^10.2.10":
  version "10.3.0"
  resolved "https://registry.yarnpkg.com/@nestjs/microservices/-/microservices-10.3.0.tgz#3c9262d926d8b56eed6373756f4a3e54466fb7d7"
  integrity sha512-CZj27dEN4Rh6t9cRXv5EEg+HwkOUk02DDdS7x4eLcphnP4wgsLNDEo8vQ2gbQHFGpZhLUyeeynjNGkpV9T3+og==
  dependencies:
    iterare "1.2.1"
    tslib "2.6.2"

"@nmxjs/constants@^1.0.1":
  version "1.0.1"
  resolved "https://registry.yarnpkg.com/@nmxjs/constants/-/constants-1.0.1.tgz#b3af8d336e2c04f2bf8edd5d4a9c614cf00a50cb"
  integrity sha512-JoGvXqUq2CM/YsqjqmQTcascnY6ui9xecBTRgkFsQicw78PqCdXt0/fYfK4D4nWVcyrWDxjMG9d5YhIR3dt2GA==

"@nmxjs/errors@^1.0.3":
  version "1.0.3"
  resolved "https://registry.yarnpkg.com/@nmxjs/errors/-/errors-1.0.3.tgz#c82a826de393bfe8cbd6f36e7113a5821b0dc1d1"
  integrity sha512-utMBW1RFi6KgmrKFWmb4MrP7mFPjJHYJondXw8POgUYPAdJkaxDarbflEUEjsrg1m8S9SwiNOcNLEGYepM3s+A==
  dependencies:
    "@nestjs/microservices" "^10.2.10"

"@nmxjs/types@^1.0.8":
  version "1.0.8"
  resolved "https://registry.yarnpkg.com/@nmxjs/types/-/types-1.0.8.tgz#51c69534613201fff4f6d8f858c2f0d16b420c39"
  integrity sha512-0DeXUJbV4fHm+JuLUAnp56GGoxUkgDn/mWgN++DWK4SKaPu5Hbljhy/1eQ281NWiYG2xmQj2H4/vsdBDOLph8Q==

"@nmxjs/utils@^1.0.7":
  version "1.0.7"
  resolved "https://registry.yarnpkg.com/@nmxjs/utils/-/utils-1.0.7.tgz#5cf149662ad80a8237955cd9c73d05b91ae923c1"
  integrity sha512-6SXT51tGB0I2g4A0JRGrwdx601hliFt1iwE0xa3opjQdKny+uPeUUNKca4sx05ShR4jHreWLj5DEoFxzxzz8Mg==
  dependencies:
    "@nestjs/common" "^10.3.0"
    "@nmxjs/constants" "^1.0.1"
    "@nmxjs/types" "^1.0.8"
    big.js "^6.2.1"
    moment "^2.29.4"
    rxjs "^7.8.1"
    uuid "^9.0.1"
    yaml "^2.3.4"

"@types/big.js@^6.2.2":
  version "6.2.2"
  resolved "https://registry.yarnpkg.com/@types/big.js/-/big.js-6.2.2.tgz#69422ec9ef59df1330ccfde2106d9e1159a083c3"
  integrity sha512-e2cOW9YlVzFY2iScnGBBkplKsrn2CsObHQ2Hiw4V1sSyiGbgWL8IyqE3zFi1Pt5o1pdAtYkDAIsF3KKUPjdzaA==

"@types/node@^20.10.4":
  version "20.10.4"
  resolved "https://registry.yarnpkg.com/@types/node/-/node-20.10.4.tgz#b246fd84d55d5b1b71bf51f964bd514409347198"
  integrity sha512-D08YG6rr8X90YB56tSIuBaddy/UXAA9RKJoFvrsnogAum/0pmjkgi4+2nx96A330FmioegBWmEYQ+syqCFaveg==
  dependencies:
    undici-types "~5.26.4"

big.js@^6.2.1:
  version "6.2.1"
  resolved "https://registry.yarnpkg.com/big.js/-/big.js-6.2.1.tgz#7205ce763efb17c2e41f26f121c420c6a7c2744f"
  integrity sha512-bCtHMwL9LeDIozFn+oNhhFoq+yQ3BNdnsLSASUxLciOb1vgvpHsIO1dsENiGMgbb4SkP5TrzWzRiLddn8ahVOQ==

iterare@1.2.1:
  version "1.2.1"
  resolved "https://registry.yarnpkg.com/iterare/-/iterare-1.2.1.tgz#139c400ff7363690e33abffa33cbba8920f00042"
  integrity sha512-RKYVTCjAnRthyJes037NX/IiqeidgN1xc3j1RjFfECFp28A1GVwK9nA+i0rJPaHqSZwygLzRnFlzUuHFoWWy+Q==

moment@^2.29.4:
  version "2.30.1"
  resolved "https://registry.yarnpkg.com/moment/-/moment-2.30.1.tgz#f8c91c07b7a786e30c59926df530b4eac96974ae"
  integrity sha512-uEmtNhbDOrWPFS+hdjFCBfy9f2YoyzRpwcl+DqpC6taX21FzsTLQVbMV/W7PzNSX6x/bhC1zA3c2UQ5NzH6how==

rxjs@^7.8.1:
  version "7.8.1"
  resolved "https://registry.yarnpkg.com/rxjs/-/rxjs-7.8.1.tgz#6f6f3d99ea8044291efd92e7c7fcf562c4057543"
  integrity sha512-AA3TVj+0A2iuIoQkWEK/tqFjBq2j+6PO6Y0zJcvzLAFhEFIO3HL0vls9hWLncZbAAbK0mar7oZ4V079I/qPMxg==
  dependencies:
    tslib "^2.1.0"

tslib@2.6.2, tslib@^2.1.0:
  version "2.6.2"
  resolved "https://registry.yarnpkg.com/tslib/-/tslib-2.6.2.tgz#703ac29425e7b37cd6fd456e92404d46d1f3e4ae"
  integrity sha512-AEYxH93jGFPn/a2iVAwW87VuUIkR1FVUKB77NwMF7nBTDkDrrT/Hpt/IrCJ0QXhW27jTBDcf5ZY7w6RiqTMw2Q==

typescript@^5.1.6:
  version "5.3.3"
  resolved "https://registry.yarnpkg.com/typescript/-/typescript-5.3.3.tgz#b3ce6ba258e72e6305ba66f5c9b452aaee3ffe37"
  integrity sha512-pXWcraxM0uxAS+tN0AG/BF2TyqmHO014Z070UsJ+pFvYuRSq8KH8DmWpnbXe0pEPDHXZV3FcAbJkijJ5oNEnWw==

uid@2.0.2:
  version "2.0.2"
  resolved "https://registry.yarnpkg.com/uid/-/uid-2.0.2.tgz#4b5782abf0f2feeefc00fa88006b2b3b7af3e3b9"
  integrity sha512-u3xV3X7uzvi5b1MncmZo3i2Aw222Zk1keqLA1YkHldREkAhAqi65wuPfe7lHx8H/Wzy+8CE7S7uS3jekIM5s8g==
  dependencies:
    "@lukeed/csprng" "^1.0.0"

undici-types@~5.26.4:
  version "5.26.5"
  resolved "https://registry.yarnpkg.com/undici-types/-/undici-types-5.26.5.tgz#bcd539893d00b56e964fd2657a4866b221a65617"
  integrity sha512-JlCMO+ehdEIKqlFxk6IfVoAUVmgz7cU7zD/h9XZ0qzeosSHmUJVOzSQvvYSYWXkFXC+IfLKSIffhv0sVZup6pA==

uuid@^9.0.1:
  version "9.0.1"
  resolved "https://registry.yarnpkg.com/uuid/-/uuid-9.0.1.tgz#e188d4c8853cc722220392c424cd637f32293f30"
  integrity sha512-b+1eJOlsR9K8HJpow9Ok3fiWOWSIcIzXodvv0rQjVoOVNpWMpxf1wZNpt4y9h10odCNrqnYp1OBzRktckBe3sA==

ws@^8.16.0:
  version "8.16.0"
  resolved "https://registry.yarnpkg.com/ws/-/ws-8.16.0.tgz#d1cd774f36fbc07165066a60e40323eab6446fd4"
  integrity sha512-HS0c//TP7Ina87TfiPUz1rQzMhHrl/SG2guqRcTOIUYD2q8uhUdNHZYJUaQ8aTGPzCh+c6oawMKW35nFl1dxyQ==

yaml@^2.3.4:
  version "2.3.4"
  resolved "https://registry.yarnpkg.com/yaml/-/yaml-2.3.4.tgz#53fc1d514be80aabf386dc6001eb29bf3b7523b2"
  integrity sha512-8aAvwVUSHpfEqTQ4w/KMlf3HcRdt50E5ODIQJBw1fQ5RL34xabzxtUlzTXVqc4rkZsPbvrXKWnABCD7kWSmocA==
